
Microsoft Visual Studio Solution File, Format Version 12.00
# Visual Studio 15
VisualStudioVersion = 15.0.28307.489
MinimumVisualStudioVersion = 10.0.40219.1
Project("{FAE04EC0-301F-11D3-BF4B-00C04F79EFBC}") = "University.DATA", "University.DATA\University.DATA.csproj", "{61FEE6D3-8937-4634-8DC9-0B17853A05D3}"
EndProject
Project("{FAE04EC0-301F-11D3-BF4B-00C04F79EFBC}") = "University.DTO", "University.DTO\University.DTO.csproj", "{26CA48E8-6C32-402E-B5E4-641049EEEBB1}"
EndProject
Project("{FAE04EC0-301F-11D3-BF4B-00C04F79EFBC}") = "University.Service", "University.Service\University.Service.csproj", "{DFDB8256-0DBE-4F54-B72D-73BCCF439D7B}"
EndProject
Project("{FAE04EC0-301F-11D3-BF4B-00C04F79EFBC}") = "UniversityUnitTest", "UniversityUnitTest\UniversityUnitTest.csproj", "{50AA54E0-D517-42B7-BA6E-3D38F2F3FCEE}"
EndProject
Project("{FAE04EC0-301F-11D3-BF4B-00C04F79EFBC}") = "University.WinUI", "University.WinUI\University.WinUI.csproj", "{19FC5202-0996-468E-B7F1-67186911C0C5}"
EndProject
Global
	GlobalSection(SolutionConfigurationPlatforms) = preSolution
		Debug|Any CPU = Debug|Any CPU
		Release|Any CPU = Release|Any CPU
	EndGlobalSection
	GlobalSection(ProjectConfigurationPlatforms) = postSolution
		{61FEE6D3-8937-4634-8DC9-0B17853A05D3}.Debug|Any CPU.ActiveCfg = Debug|Any CPU
		{61FEE6D3-8937-4634-8DC9-0B17853A05D3}.Debug|Any CPU.Build.0 = Debug|Any CPU
		{61FEE6D3-8937-4634-8DC9-0B17853A05D3}.Release|Any CPU.ActiveCfg = Release|Any CPU
		{61FEE6D3-8937-4634-8DC9-0B17853A05D3}.Release|Any CPU.Build.0 = Release|Any CPU
		{26CA48E8-6C32-402E-B5E4-641049EEEBB1}.Debug|Any CPU.ActiveCfg = Debug|Any CPU
		{26CA48E8-6C32-402E-B5E4-641049EEEBB1}.Debug|Any CPU.Build.0 = Debug|Any CPU
		{26CA48E8-6C32-402E-B5E4-641049EEEBB1}.Release|Any CPU.ActiveCfg = Release|Any CPU
		{26CA48E8-6C32-402E-B5E4-641049EEEBB1}.Release|Any CPU.Build.0 = Release|Any CPU
		{DFDB8256-0DBE-4F54-B72D-73BCCF439D7B}.Debug|Any CPU.ActiveCfg = Debug|Any CPU
		{DFDB8256-0DBE-4F54-B72D-73BCCF439D7B}.Debug|Any CPU.Build.0 = Debug|Any CPU
		{DFDB8256-0DBE-4F54-B72D-73BCCF439D7B}.Release|Any CPU.ActiveCfg = Release|Any CPU
		{DFDB8256-0DBE-4F54-B72D-73BCCF439D7B}.Release|Any CPU.Build.0 = Release|Any CPU
		{50AA54E0-D517-42B7-BA6E-3D38F2F3FCEE}.Debug|Any CPU.ActiveCfg = Debug|Any CPU
		{50AA54E0-D517-42B7-BA6E-3D38F2F3FCEE}.Debug|Any CPU.Build.0 = Debug|Any CPU
		{50AA54E0-D517-42B7-BA6E-3D38F2F3FCEE}.Release|Any CPU.ActiveCfg = Release|Any CPU
		{50AA54E0-D517-42B7-BA6E-3D38F2F3FCEE}.Release|Any CPU.Build.0 = Release|Any CPU
		{19FC5202-0996-468E-B7F1-67186911C0C5}.Debug|Any CPU.ActiveCfg = Debug|Any CPU
		{19FC5202-0996-468E-B7F1-67186911C0C5}.Debug|Any CPU.Build.0 = Debug|Any CPU
		{19FC5202-0996-468E-B7F1-67186911C0C5}.Release|Any CPU.ActiveCfg = Release|Any CPU
		{19FC5202-0996-468E-B7F1-67186911C0C5}.Release|Any CPU.Build.0 = Release|Any CPU
	EndGlobalSection
	GlobalSection(SolutionProperties) = preSolution
		HideSolutionNode = FALSE
	EndGlobalSection
	GlobalSection(ExtensibilityGlobals) = postSolution
		SolutionGuid = {0A942BAF-44BC-41CF-9F01-2FCBFF90B7B9}
	EndGlobalSection
EndGlobal
